
Microsoft Visual Studio Solution File, Format Version 12.00
# Visual Studio 14
VisualStudioVersion = 14.0.25420.1
MinimumVisualStudioVersion = 10.0.40219.1
Project("{FAE04EC0-301F-11D3-BF4B-00C04F79EFBC}") = "WcfFaultContract", "WcfFaultContract\WcfFaultContract.csproj", "{117770ED-9453-4D62-A2C5-F8E254CDD4AF}"
EndProject
Project("{FAE04EC0-301F-11D3-BF4B-00C04F79EFBC}") = "WcfFaultContractClient", "WcfFaultContractClient\WcfFaultContractClient.csproj", "{ACE6E091-30FF-4A09-AC19-CF4F81042F03}"
EndProject
Global
	GlobalSection(SolutionConfigurationPlatforms) = preSolution
		Debug|Any CPU = Debug|Any CPU
		Release|Any CPU = Release|Any CPU
	EndGlobalSection
	GlobalSection(ProjectConfigurationPlatforms) = postSolution
		{117770ED-9453-4D62-A2C5-F8E254CDD4AF}.Debug|Any CPU.ActiveCfg = Debug|Any CPU
		{117770ED-9453-4D62-A2C5-F8E254CDD4AF}.Debug|Any CPU.Build.0 = Debug|Any CPU
		{117770ED-9453-4D62-A2C5-F8E254CDD4AF}.Release|Any CPU.ActiveCfg = Release|Any CPU
		{117770ED-9453-4D62-A2C5-F8E254CDD4AF}.Release|Any CPU.Build.0 = Release|Any CPU
		{ACE6E091-30FF-4A09-AC19-CF4F81042F03}.Debug|Any CPU.ActiveCfg = Debug|Any CPU
		{ACE6E091-30FF-4A09-AC19-CF4F81042F03}.Debug|Any CPU.Build.0 = Debug|Any CPU
		{ACE6E091-30FF-4A09-AC19-CF4F81042F03}.Release|Any CPU.ActiveCfg = Release|Any CPU
		{ACE6E091-30FF-4A09-AC19-CF4F81042F03}.Release|Any CPU.Build.0 = Release|Any CPU
	EndGlobalSection
	GlobalSection(SolutionProperties) = preSolution
		HideSolutionNode = FALSE
	EndGlobalSection
EndGlobal
